// !$*UTF8*$!
{
	archiveVersion = 1;
	classes = {
	};
	objectVersion = 56;
	objects = {

/* Begin PBXBuildFile section */
		D80DF09C2AEE7511001C918A /* CustomTabSwitcher.swift in Sources */ = {isa = PBXBuildFile; fileRef = D80DF09B2AEE7511001C918A /* CustomTabSwitcher.swift */; };
		D8128F182AEAA7230052B613 /* TopMoviePreview.swift in Sources */ = {isa = PBXBuildFile; fileRef = D8128F172AEAA7230052B613 /* TopMoviePreview.swift */; };
		D82E59C32AED30A9007F5531 /* MovieDetail.swift in Sources */ = {isa = PBXBuildFile; fileRef = D82E59C22AED30A9007F5531 /* MovieDetail.swift */; };
		D82E59C52AED3CCB007F5531 /* Episode.swift in Sources */ = {isa = PBXBuildFile; fileRef = D82E59C42AED3CCB007F5531 /* Episode.swift */; };
		D84CBA7E2AEBF0BF00CE3FF6 /* SmallVerticalButton.swift in Sources */ = {isa = PBXBuildFile; fileRef = D84CBA7D2AEBF0BF00CE3FF6 /* SmallVerticalButton.swift */; };
		D84CBA802AEBF96500CE3FF6 /* PlayButton.swift in Sources */ = {isa = PBXBuildFile; fileRef = D84CBA7F2AEBF96500CE3FF6 /* PlayButton.swift */; };
		D88D7E4D2AE93C2900D4A812 /* BuildNetflixApp.swift in Sources */ = {isa = PBXBuildFile; fileRef = D88D7E4C2AE93C2900D4A812 /* BuildNetflixApp.swift */; };
		D88D7E4F2AE93C2900D4A812 /* ContentView.swift in Sources */ = {isa = PBXBuildFile; fileRef = D88D7E4E2AE93C2900D4A812 /* ContentView.swift */; };
		D88D7E512AE93C2B00D4A812 /* Assets.xcassets in Resources */ = {isa = PBXBuildFile; fileRef = D88D7E502AE93C2B00D4A812 /* Assets.xcassets */; };
		D88D7E552AE93C2B00D4A812 /* Preview Assets.xcassets in Resources */ = {isa = PBXBuildFile; fileRef = D88D7E542AE93C2B00D4A812 /* Preview Assets.xcassets */; };
		D88D7E5D2AE93EB700D4A812 /* HomeView.swift in Sources */ = {isa = PBXBuildFile; fileRef = D88D7E5C2AE93EB700D4A812 /* HomeView.swift */; };
		D88D7E602AE943F200D4A812 /* Kingfisher in Frameworks */ = {isa = PBXBuildFile; productRef = D88D7E5F2AE943F200D4A812 /* Kingfisher */; };
		D88D7E622AE944FA00D4A812 /* Movie.swift in Sources */ = {isa = PBXBuildFile; fileRef = D88D7E612AE944FA00D4A812 /* Movie.swift */; };
		D88D7E642AE945A300D4A812 /* StandardHomeMovie.swift in Sources */ = {isa = PBXBuildFile; fileRef = D88D7E632AE945A300D4A812 /* StandardHomeMovie.swift */; };
		D88D7E662AE9470600D4A812 /* GlobalHelpers.swift in Sources */ = {isa = PBXBuildFile; fileRef = D88D7E652AE9470600D4A812 /* GlobalHelpers.swift */; };
		D88D7E692AE94AB500D4A812 /* HomeVM.swift in Sources */ = {isa = PBXBuildFile; fileRef = D88D7E682AE94AB500D4A812 /* HomeVM.swift */; };
/* End PBXBuildFile section */

/* Begin PBXFileReference section */
		D80DF09B2AEE7511001C918A /* CustomTabSwitcher.swift */ = {isa = PBXFileReference; lastKnownFileType = sourcecode.swift; path = CustomTabSwitcher.swift; sourceTree = "<group>"; };
		D8128F172AEAA7230052B613 /* TopMoviePreview.swift */ = {isa = PBXFileReference; lastKnownFileType = sourcecode.swift; path = TopMoviePreview.swift; sourceTree = "<group>"; };
		D82E59C22AED30A9007F5531 /* MovieDetail.swift */ = {isa = PBXFileReference; lastKnownFileType = sourcecode.swift; path = MovieDetail.swift; sourceTree = "<group>"; };
		D82E59C42AED3CCB007F5531 /* Episode.swift */ = {isa = PBXFileReference; lastKnownFileType = sourcecode.swift; path = Episode.swift; sourceTree = "<group>"; };
		D84CBA7D2AEBF0BF00CE3FF6 /* SmallVerticalButton.swift */ = {isa = PBXFileReference; lastKnownFileType = sourcecode.swift; path = SmallVerticalButton.swift; sourceTree = "<group>"; };
		D84CBA7F2AEBF96500CE3FF6 /* PlayButton.swift */ = {isa = PBXFileReference; lastKnownFileType = sourcecode.swift; path = PlayButton.swift; sourceTree = "<group>"; };
		D88D7E492AE93C2900D4A812 /* BuildNetflix.app */ = {isa = PBXFileReference; explicitFileType = wrapper.application; includeInIndex = 0; path = BuildNetflix.app; sourceTree = BUILT_PRODUCTS_DIR; };
		D88D7E4C2AE93C2900D4A812 /* BuildNetflixApp.swift */ = {isa = PBXFileReference; lastKnownFileType = sourcecode.swift; path = BuildNetflixApp.swift; sourceTree = "<group>"; };
		D88D7E4E2AE93C2900D4A812 /* ContentView.swift */ = {isa = PBXFileReference; lastKnownFileType = sourcecode.swift; path = ContentView.swift; sourceTree = "<group>"; };
		D88D7E502AE93C2B00D4A812 /* Assets.xcassets */ = {isa = PBXFileReference; lastKnownFileType = folder.assetcatalog; path = Assets.xcassets; sourceTree = "<group>"; };
		D88D7E522AE93C2B00D4A812 /* BuildNetflix.entitlements */ = {isa = PBXFileReference; lastKnownFileType = text.plist.entitlements; path = BuildNetflix.entitlements; sourceTree = "<group>"; };
		D88D7E542AE93C2B00D4A812 /* Preview Assets.xcassets */ = {isa = PBXFileReference; lastKnownFileType = folder.assetcatalog; path = "Preview Assets.xcassets"; sourceTree = "<group>"; };
		D88D7E5C2AE93EB700D4A812 /* HomeView.swift */ = {isa = PBXFileReference; lastKnownFileType = sourcecode.swift; path = HomeView.swift; sourceTree = "<group>"; };
		D88D7E612AE944FA00D4A812 /* Movie.swift */ = {isa = PBXFileReference; lastKnownFileType = sourcecode.swift; path = Movie.swift; sourceTree = "<group>"; };
		D88D7E632AE945A300D4A812 /* StandardHomeMovie.swift */ = {isa = PBXFileReference; lastKnownFileType = sourcecode.swift; path = StandardHomeMovie.swift; sourceTree = "<group>"; };
		D88D7E652AE9470600D4A812 /* GlobalHelpers.swift */ = {isa = PBXFileReference; lastKnownFileType = sourcecode.swift; path = GlobalHelpers.swift; sourceTree = "<group>"; };
		D88D7E682AE94AB500D4A812 /* HomeVM.swift */ = {isa = PBXFileReference; lastKnownFileType = sourcecode.swift; path = HomeVM.swift; sourceTree = "<group>"; };
/* End PBXFileReference section */

/* Begin PBXFrameworksBuildPhase section */
		D88D7E462AE93C2900D4A812 /* Frameworks */ = {
			isa = PBXFrameworksBuildPhase;
			buildActionMask = 2147483647;
			files = (
				D88D7E602AE943F200D4A812 /* Kingfisher in Frameworks */,
			);
			runOnlyForDeploymentPostprocessing = 0;
		};
/* End PBXFrameworksBuildPhase section */

/* Begin PBXGroup section */
		D82E59BF2AED2F58007F5531 /* HelperViews */ = {
			isa = PBXGroup;
			children = (
				D8128F172AEAA7230052B613 /* TopMoviePreview.swift */,
				D84CBA7D2AEBF0BF00CE3FF6 /* SmallVerticalButton.swift */,
				D84CBA7F2AEBF96500CE3FF6 /* PlayButton.swift */,
				D88D7E632AE945A300D4A812 /* StandardHomeMovie.swift */,
			);
			path = HelperViews;
			sourceTree = "<group>";
		};
		D82E59C02AED2F99007F5531 /* Model */ = {
			isa = PBXGroup;
			children = (
				D88D7E612AE944FA00D4A812 /* Movie.swift */,
				D82E59C42AED3CCB007F5531 /* Episode.swift */,
			);
			path = Model;
			sourceTree = "<group>";
		};
		D88D7E402AE93C2900D4A812 = {
			isa = PBXGroup;
			children = (
				D88D7E4B2AE93C2900D4A812 /* BuildNetflix */,
				D88D7E4A2AE93C2900D4A812 /* Products */,
			);
			sourceTree = "<group>";
		};
		D88D7E4A2AE93C2900D4A812 /* Products */ = {
			isa = PBXGroup;
			children = (
				D88D7E492AE93C2900D4A812 /* BuildNetflix.app */,
			);
			name = Products;
			sourceTree = "<group>";
		};
		D88D7E4B2AE93C2900D4A812 /* BuildNetflix */ = {
			isa = PBXGroup;
			children = (
				D88D7E5B2AE93EAD00D4A812 /* Home */,
				D82E59BF2AED2F58007F5531 /* HelperViews */,
				D82E59C02AED2F99007F5531 /* Model */,
				D88D7E672AE9489800D4A812 /* Helpers */,
				D88D7E4C2AE93C2900D4A812 /* BuildNetflixApp.swift */,
				D88D7E4E2AE93C2900D4A812 /* ContentView.swift */,
				D82E59C22AED30A9007F5531 /* MovieDetail.swift */,
				D80DF09B2AEE7511001C918A /* CustomTabSwitcher.swift */,
				D88D7E502AE93C2B00D4A812 /* Assets.xcassets */,
				D88D7E522AE93C2B00D4A812 /* BuildNetflix.entitlements */,
				D88D7E532AE93C2B00D4A812 /* Preview Content */,
			);
			path = BuildNetflix;
			sourceTree = "<group>";
		};
		D88D7E532AE93C2B00D4A812 /* Preview Content */ = {
			isa = PBXGroup;
			children = (
				D88D7E542AE93C2B00D4A812 /* Preview Assets.xcassets */,
			);
			path = "Preview Content";
			sourceTree = "<group>";
		};
		D88D7E5B2AE93EAD00D4A812 /* Home */ = {
			isa = PBXGroup;
			children = (
				D88D7E5C2AE93EB700D4A812 /* HomeView.swift */,
				D88D7E682AE94AB500D4A812 /* HomeVM.swift */,
			);
			path = Home;
			sourceTree = "<group>";
		};
		D88D7E672AE9489800D4A812 /* Helpers */ = {
			isa = PBXGroup;
			children = (
				D88D7E652AE9470600D4A812 /* GlobalHelpers.swift */,
			);
			path = Helpers;
			sourceTree = "<group>";
		};
/* End PBXGroup section */

/* Begin PBXNativeTarget section */
		D88D7E482AE93C2900D4A812 /* BuildNetflix */ = {
			isa = PBXNativeTarget;
			buildConfigurationList = D88D7E582AE93C2B00D4A812 /* Build configuration list for PBXNativeTarget "BuildNetflix" */;
			buildPhases = (
				D88D7E452AE93C2900D4A812 /* Sources */,
				D88D7E462AE93C2900D4A812 /* Frameworks */,
				D88D7E472AE93C2900D4A812 /* Resources */,
			);
			buildRules = (
			);
			dependencies = (
			);
			name = BuildNetflix;
			packageProductDependencies = (
				D88D7E5F2AE943F200D4A812 /* Kingfisher */,
			);
			productName = BuildNetflix;
			productReference = D88D7E492AE93C2900D4A812 /* BuildNetflix.app */;
			productType = "com.apple.product-type.application";
		};
/* End PBXNativeTarget section */

/* Begin PBXProject section */
		D88D7E412AE93C2900D4A812 /* Project object */ = {
			isa = PBXProject;
			attributes = {
				BuildIndependentTargetsInParallel = 1;
				LastSwiftUpdateCheck = 1410;
				LastUpgradeCheck = 1410;
				TargetAttributes = {
					D88D7E482AE93C2900D4A812 = {
						CreatedOnToolsVersion = 14.1;
					};
				};
			};
			buildConfigurationList = D88D7E442AE93C2900D4A812 /* Build configuration list for PBXProject "BuildNetflix" */;
			compatibilityVersion = "Xcode 14.0";
			developmentRegion = en;
			hasScannedForEncodings = 0;
			knownRegions = (
				en,
				Base,
			);
			mainGroup = D88D7E402AE93C2900D4A812;
			packageReferences = (
				D88D7E5E2AE943F200D4A812 /* XCRemoteSwiftPackageReference "Kingfisher" */,
			);
			productRefGroup = D88D7E4A2AE93C2900D4A812 /* Products */;
			projectDirPath = "";
			projectRoot = "";
			targets = (
				D88D7E482AE93C2900D4A812 /* BuildNetflix */,
			);
		};
/* End PBXProject section */

/* Begin PBXResourcesBuildPhase section */
		D88D7E472AE93C2900D4A812 /* Resources */ = {
			isa = PBXResourcesBuildPhase;
			buildActionMask = 2147483647;
			files = (
				D88D7E552AE93C2B00D4A812 /* Preview Assets.xcassets in Resources */,
				D88D7E512AE93C2B00D4A812 /* Assets.xcassets in Resources */,
			);
			runOnlyForDeploymentPostprocessing = 0;
		};
/* End PBXResourcesBuildPhase section */

/* Begin PBXSourcesBuildPhase section */
		D88D7E452AE93C2900D4A812 /* Sources */ = {
			isa = PBXSourcesBuildPhase;
			buildActionMask = 2147483647;
			files = (
				D88D7E662AE9470600D4A812 /* GlobalHelpers.swift in Sources */,
				D82E59C52AED3CCB007F5531 /* Episode.swift in Sources */,
				D88D7E5D2AE93EB700D4A812 /* HomeView.swift in Sources */,
				D88D7E692AE94AB500D4A812 /* HomeVM.swift in Sources */,
				D88D7E4F2AE93C2900D4A812 /* ContentView.swift in Sources */,
				D88D7E642AE945A300D4A812 /* StandardHomeMovie.swift in Sources */,
				D8128F182AEAA7230052B613 /* TopMoviePreview.swift in Sources */,
				D88D7E622AE944FA00D4A812 /* Movie.swift in Sources */,
				D88D7E4D2AE93C2900D4A812 /* BuildNetflixApp.swift in Sources */,
				D80DF09C2AEE7511001C918A /* CustomTabSwitcher.swift in Sources */,
				D84CBA7E2AEBF0BF00CE3FF6 /* SmallVerticalButton.swift in Sources */,
				D84CBA802AEBF96500CE3FF6 /* PlayButton.swift in Sources */,
				D82E59C32AED30A9007F5531 /* MovieDetail.swift in Sources */,
			);
			runOnlyForDeploymentPostprocessing = 0;
		};
/* End PBXSourcesBuildPhase section */

/* Begin XCBuildConfiguration section */
		D88D7E562AE93C2B00D4A812 /* Debug */ = {
			isa = XCBuildConfiguration;
			buildSettings = {
				ALWAYS_SEARCH_USER_PATHS = NO;
				CLANG_ANALYZER_NONNULL = YES;
				CLANG_ANALYZER_NUMBER_OBJECT_CONVERSION = YES_AGGRESSIVE;
				CLANG_CXX_LANGUAGE_STANDARD = "gnu++20";
				CLANG_ENABLE_MODULES = YES;
				CLANG_ENABLE_OBJC_ARC = YES;
				CLANG_ENABLE_OBJC_WEAK = YES;
				CLANG_WARN_BLOCK_CAPTURE_AUTORELEASING = YES;
				CLANG_WARN_BOOL_CONVERSION = YES;
				CLANG_WARN_COMMA = YES;
				CLANG_WARN_CONSTANT_CONVERSION = YES;
				CLANG_WARN_DEPRECATED_OBJC_IMPLEMENTATIONS = YES;
				CLANG_WARN_DIRECT_OBJC_ISA_USAGE = YES_ERROR;
				CLANG_WARN_DOCUMENTATION_COMMENTS = YES;
				CLANG_WARN_EMPTY_BODY = YES;
				CLANG_WARN_ENUM_CONVERSION = YES;
				CLANG_WARN_INFINITE_RECURSION = YES;
				CLANG_WARN_INT_CONVERSION = YES;
				CLANG_WARN_NON_LITERAL_NULL_CONVERSION = YES;
				CLANG_WARN_OBJC_IMPLICIT_RETAIN_SELF = YES;
				CLANG_WARN_OBJC_LITERAL_CONVERSION = YES;
				CLANG_WARN_OBJC_ROOT_CLASS = YES_ERROR;
				CLANG_WARN_QUOTED_INCLUDE_IN_FRAMEWORK_HEADER = YES;
				CLANG_WARN_RANGE_LOOP_ANALYSIS = YES;
				CLANG_WARN_STRICT_PROTOTYPES = YES;
				CLANG_WARN_SUSPICIOUS_MOVE = YES;
				CLANG_WARN_UNGUARDED_AVAILABILITY = YES_AGGRESSIVE;
				CLANG_WARN_UNREACHABLE_CODE = YES;
				CLANG_WARN__DUPLICATE_METHOD_MATCH = YES;
				COPY_PHASE_STRIP = NO;
				DEBUG_INFORMATION_FORMAT = dwarf;
				ENABLE_STRICT_OBJC_MSGSEND = YES;
				ENABLE_TESTABILITY = YES;
				GCC_C_LANGUAGE_STANDARD = gnu11;
				GCC_DYNAMIC_NO_PIC = NO;
				GCC_NO_COMMON_BLOCKS = YES;
				GCC_OPTIMIZATION_LEVEL = 0;
				GCC_PREPROCESSOR_DEFINITIONS = (
					"DEBUG=1",
					"$(inherited)",
				);
				GCC_WARN_64_TO_32_BIT_CONVERSION = YES;
				GCC_WARN_ABOUT_RETURN_TYPE = YES_ERROR;
				GCC_WARN_UNDECLARED_SELECTOR = YES;
				GCC_WARN_UNINITIALIZED_AUTOS = YES_AGGRESSIVE;
				GCC_WARN_UNUSED_FUNCTION = YES;
				GCC_WARN_UNUSED_VARIABLE = YES;
				MTL_ENABLE_DEBUG_INFO = INCLUDE_SOURCE;
				MTL_FAST_MATH = YES;
				ONLY_ACTIVE_ARCH = YES;
				SWIFT_ACTIVE_COMPILATION_CONDITIONS = DEBUG;
				SWIFT_OPTIMIZATION_LEVEL = "-Onone";
			};
			name = Debug;
		};
		D88D7E572AE93C2B00D4A812 /* Release */ = {
			isa = XCBuildConfiguration;
			buildSettings = {
				ALWAYS_SEARCH_USER_PATHS = NO;
				CLANG_ANALYZER_NONNULL = YES;
				CLANG_ANALYZER_NUMBER_OBJECT_CONVERSION = YES_AGGRESSIVE;
				CLANG_CXX_LANGUAGE_STANDARD = "gnu++20";
				CLANG_ENABLE_MODULES = YES;
				CLANG_ENABLE_OBJC_ARC = YES;
				CLANG_ENABLE_OBJC_WEAK = YES;
				CLANG_WARN_BLOCK_CAPTURE_AUTORELEASING = YES;
				CLANG_WARN_BOOL_CONVERSION = YES;
				CLANG_WARN_COMMA = YES;
				CLANG_WARN_CONSTANT_CONVERSION = YES;
				CLANG_WARN_DEPRECATED_OBJC_IMPLEMENTATIONS = YES;
				CLANG_WARN_DIRECT_OBJC_ISA_USAGE = YES_ERROR;
				CLANG_WARN_DOCUMENTATION_COMMENTS = YES;
				CLANG_WARN_EMPTY_BODY = YES;
				CLANG_WARN_ENUM_CONVERSION = YES;
				CLANG_WARN_INFINITE_RECURSION = YES;
				CLANG_WARN_INT_CONVERSION = YES;
				CLANG_WARN_NON_LITERAL_NULL_CONVERSION = YES;
				CLANG_WARN_OBJC_IMPLICIT_RETAIN_SELF = YES;
				CLANG_WARN_OBJC_LITERAL_CONVERSION = YES;
				CLANG_WARN_OBJC_ROOT_CLASS = YES_ERROR;
				CLANG_WARN_QUOTED_INCLUDE_IN_FRAMEWORK_HEADER = YES;
				CLANG_WARN_RANGE_LOOP_ANALYSIS = YES;
				CLANG_WARN_STRICT_PROTOTYPES = YES;
				CLANG_WARN_SUSPICIOUS_MOVE = YES;
				CLANG_WARN_UNGUARDED_AVAILABILITY = YES_AGGRESSIVE;
				CLANG_WARN_UNREACHABLE_CODE = YES;
				CLANG_WARN__DUPLICATE_METHOD_MATCH = YES;
				COPY_PHASE_STRIP = NO;
				DEBUG_INFORMATION_FORMAT = "dwarf-with-dsym";
				ENABLE_NS_ASSERTIONS = NO;
				ENABLE_STRICT_OBJC_MSGSEND = YES;
				GCC_C_LANGUAGE_STANDARD = gnu11;
				GCC_NO_COMMON_BLOCKS = YES;
				GCC_WARN_64_TO_32_BIT_CONVERSION = YES;
				GCC_WARN_ABOUT_RETURN_TYPE = YES_ERROR;
				GCC_WARN_UNDECLARED_SELECTOR = YES;
				GCC_WARN_UNINITIALIZED_AUTOS = YES_AGGRESSIVE;
				GCC_WARN_UNUSED_FUNCTION = YES;
				GCC_WARN_UNUSED_VARIABLE = YES;
				MTL_ENABLE_DEBUG_INFO = NO;
				MTL_FAST_MATH = YES;
				SWIFT_COMPILATION_MODE = wholemodule;
				SWIFT_OPTIMIZATION_LEVEL = "-O";
			};
			name = Release;
		};
		D88D7E592AE93C2B00D4A812 /* Debug */ = {
			isa = XCBuildConfiguration;
			buildSettings = {
				ASSETCATALOG_COMPILER_APPICON_NAME = AppIcon;
				ASSETCATALOG_COMPILER_GLOBAL_ACCENT_COLOR_NAME = AccentColor;
				CODE_SIGN_ENTITLEMENTS = BuildNetflix/BuildNetflix.entitlements;
				CODE_SIGN_STYLE = Automatic;
				CURRENT_PROJECT_VERSION = 1;
				DEVELOPMENT_ASSET_PATHS = "\"BuildNetflix/Preview Content\"";
				DEVELOPMENT_TEAM = Q5CYH8RVUS;
				ENABLE_HARDENED_RUNTIME = YES;
				ENABLE_PREVIEWS = YES;
				GENERATE_INFOPLIST_FILE = YES;
				"INFOPLIST_KEY_UIApplicationSceneManifest_Generation[sdk=iphoneos*]" = YES;
				"INFOPLIST_KEY_UIApplicationSceneManifest_Generation[sdk=iphonesimulator*]" = YES;
				"INFOPLIST_KEY_UIApplicationSupportsIndirectInputEvents[sdk=iphoneos*]" = YES;
				"INFOPLIST_KEY_UIApplicationSupportsIndirectInputEvents[sdk=iphonesimulator*]" = YES;
				"INFOPLIST_KEY_UILaunchScreen_Generation[sdk=iphoneos*]" = YES;
				"INFOPLIST_KEY_UILaunchScreen_Generation[sdk=iphonesimulator*]" = YES;
				"INFOPLIST_KEY_UIStatusBarStyle[sdk=iphoneos*]" = UIStatusBarStyleDefault;
				"INFOPLIST_KEY_UIStatusBarStyle[sdk=iphonesimulator*]" = UIStatusBarStyleDefault;
				INFOPLIST_KEY_UISupportedInterfaceOrientations_iPad = "UIInterfaceOrientationPortrait UIInterfaceOrientationPortraitUpsideDown UIInterfaceOrientationLandscapeLeft UIInterfaceOrientationLandscapeRight";
				INFOPLIST_KEY_UISupportedInterfaceOrientations_iPhone = "UIInterfaceOrientationPortrait UIInterfaceOrientationLandscapeLeft UIInterfaceOrientationLandscapeRight";
				IPHONEOS_DEPLOYMENT_TARGET = 16.1;
				LD_RUNPATH_SEARCH_PATHS = "@executable_path/Frameworks";
				"LD_RUNPATH_SEARCH_PATHS[sdk=macosx*]" = "@executable_path/../Frameworks";
				MACOSX_DEPLOYMENT_TARGET = 13.0;
				MARKETING_VERSION = 1.0;
				PRODUCT_BUNDLE_IDENTIFIER = com.joe3524.BuildNetflix;
				PRODUCT_NAME = "$(TARGET_NAME)";
				SDKROOT = auto;
				SUPPORTED_PLATFORMS = "iphoneos iphonesimulator macosx";
				SWIFT_EMIT_LOC_STRINGS = YES;
				SWIFT_VERSION = 5.0;
				TARGETED_DEVICE_FAMILY = "1,2";
			};
			name = Debug;
		};
		D88D7E5A2AE93C2B00D4A812 /* Release */ = {
			isa = XCBuildConfiguration;
			buildSettings = {
				ASSETCATALOG_COMPILER_APPICON_NAME = AppIcon;
				ASSETCATALOG_COMPILER_GLOBAL_ACCENT_COLOR_NAME = AccentColor;
				CODE_SIGN_ENTITLEMENTS = BuildNetflix/BuildNetflix.entitlements;
				CODE_SIGN_STYLE = Automatic;
				CURRENT_PROJECT_VERSION = 1;
				DEVELOPMENT_ASSET_PATHS = "\"BuildNetflix/Preview Content\"";
				DEVELOPMENT_TEAM = Q5CYH8RVUS;
				ENABLE_HARDENED_RUNTIME = YES;
				ENABLE_PREVIEWS = YES;
				GENERATE_INFOPLIST_FILE = YES;
				"INFOPLIST_KEY_UIApplicationSceneManifest_Generation[sdk=iphoneos*]" = YES;
				"INFOPLIST_KEY_UIApplicationSceneManifest_Generation[sdk=iphonesimulator*]" = YES;
				"INFOPLIST_KEY_UIApplicationSupportsIndirectInputEvents[sdk=iphoneos*]" = YES;
				"INFOPLIST_KEY_UIApplicationSupportsIndirectInputEvents[sdk=iphonesimulator*]" = YES;
				"INFOPLIST_KEY_UILaunchScreen_Generation[sdk=iphoneos*]" = YES;
				"INFOPLIST_KEY_UILaunchScreen_Generation[sdk=iphonesimulator*]" = YES;
				"INFOPLIST_KEY_UIStatusBarStyle[sdk=iphoneos*]" = UIStatusBarStyleDefault;
				"INFOPLIST_KEY_UIStatusBarStyle[sdk=iphonesimulator*]" = UIStatusBarStyleDefault;
				INFOPLIST_KEY_UISupportedInterfaceOrientations_iPad = "UIInterfaceOrientationPortrait UIInterfaceOrientationPortraitUpsideDown UIInterfaceOrientationLandscapeLeft UIInterfaceOrientationLandscapeRight";
				INFOPLIST_KEY_UISupportedInterfaceOrientations_iPhone = "UIInterfaceOrientationPortrait UIInterfaceOrientationLandscapeLeft UIInterfaceOrientationLandscapeRight";
				IPHONEOS_DEPLOYMENT_TARGET = 16.1;
				LD_RUNPATH_SEARCH_PATHS = "@executable_path/Frameworks";
				"LD_RUNPATH_SEARCH_PATHS[sdk=macosx*]" = "@executable_path/../Frameworks";
				MACOSX_DEPLOYMENT_TARGET = 13.0;
				MARKETING_VERSION = 1.0;
				PRODUCT_BUNDLE_IDENTIFIER = com.joe3524.BuildNetflix;
				PRODUCT_NAME = "$(TARGET_NAME)";
				SDKROOT = auto;
				SUPPORTED_PLATFORMS = "iphoneos iphonesimulator macosx";
				SWIFT_EMIT_LOC_STRINGS = YES;
				SWIFT_VERSION = 5.0;
				TARGETED_DEVICE_FAMILY = "1,2";
			};
			name = Release;
		};
/* End XCBuildConfiguration section */

/* Begin XCConfigurationList section */
		D88D7E442AE93C2900D4A812 /* Build configuration list for PBXProject "BuildNetflix" */ = {
			isa = XCConfigurationList;
			buildConfigurations = (
				D88D7E562AE93C2B00D4A812 /* Debug */,
				D88D7E572AE93C2B00D4A812 /* Release */,
			);
			defaultConfigurationIsVisible = 0;
			defaultConfigurationName = Release;
		};
		D88D7E582AE93C2B00D4A812 /* Build configuration list for PBXNativeTarget "BuildNetflix" */ = {
			isa = XCConfigurationList;
			buildConfigurations = (
				D88D7E592AE93C2B00D4A812 /* Debug */,
				D88D7E5A2AE93C2B00D4A812 /* Release */,
			);
			defaultConfigurationIsVisible = 0;
			defaultConfigurationName = Release;
		};
/* End XCConfigurationList section */

/* Begin XCRemoteSwiftPackageReference section */
		D88D7E5E2AE943F200D4A812 /* XCRemoteSwiftPackageReference "Kingfisher" */ = {
			isa = XCRemoteSwiftPackageReference;
			repositoryURL = "https://github.com/onevcat/Kingfisher";
			requirement = {
				kind = upToNextMajorVersion;
				minimumVersion = 7.0.0;
			};
		};
/* End XCRemoteSwiftPackageReference section */

/* Begin XCSwiftPackageProductDependency section */
		D88D7E5F2AE943F200D4A812 /* Kingfisher */ = {
			isa = XCSwiftPackageProductDependency;
			package = D88D7E5E2AE943F200D4A812 /* XCRemoteSwiftPackageReference "Kingfisher" */;
			productName = Kingfisher;
		};
/* End XCSwiftPackageProductDependency section */
	};
	rootObject = D88D7E412AE93C2900D4A812 /* Project object */;
}
